Microsoft Visual Studio Solution File, Format Version 12.00
# Visual Studio Version 17
VisualStudioVersion = 17.5.2.0
MinimumVisualStudioVersion = 10.0.40219.1
Project("{FAE04EC0-301F-11D3-BF4B-00C04F79EFBC}") = "sdsm", "sdsm.csproj", "{81A26D9F-5B4E-1199-0AAA-C7DEC4AD2ED5}"
EndProject
Global
	GlobalSection(SolutionConfigurationPlatforms) = preSolution
		Debug|Any CPU = Debug|Any CPU
		Release|Any CPU = Release|Any CPU
	EndGlobalSection
	GlobalSection(ProjectConfigurationPlatforms) = postSolution
		{81A26D9F-5B4E-1199-0AAA-C7DEC4AD2ED5}.Debug|Any CPU.ActiveCfg = Debug|Any CPU
		{81A26D9F-5B4E-1199-0AAA-C7DEC4AD2ED5}.Debug|Any CPU.Build.0 = Debug|Any CPU
		{81A26D9F-5B4E-1199-0AAA-C7DEC4AD2ED5}.Release|Any CPU.ActiveCfg = Release|Any CPU
		{81A26D9F-5B4E-1199-0AAA-C7DEC4AD2ED5}.Release|Any CPU.Build.0 = Release|Any CPU
	EndGlobalSection
	GlobalSection(SolutionProperties) = preSolution
		HideSolutionNode = FALSE
	EndGlobalSection
	GlobalSection(ExtensibilityGlobals) = postSolution
		SolutionGuid = {D2968367-E89F-4A1B-BE48-AB02FA7048B6}
	EndGlobalSection
EndGlobal
